// !$*UTF8*$!
{
	archiveVersion = 1;
	classes = {
	};
	objectVersion = 56;
	objects = {

/* Begin PBXBuildFile section */
		DBAB506E2A5DD4B600DE6866 /* AppDelegate.swift in Sources */ = {isa = PBXBuildFile; fileRef = DBAB506D2A5DD4B600DE6866 /* AppDelegate.swift */; };
		DBAB50702A5DD4B600DE6866 /* SceneDelegate.swift in Sources */ = {isa = PBXBuildFile; fileRef = DBAB506F2A5DD4B600DE6866 /* SceneDelegate.swift */; };
		DBAB50772A5DD4B700DE6866 /* Assets.xcassets in Resources */ = {isa = PBXBuildFile; fileRef = DBAB50762A5DD4B700DE6866 /* Assets.xcassets */; };
		DBAB507A2A5DD4B700DE6866 /* LaunchScreen.storyboard in Resources */ = {isa = PBXBuildFile; fileRef = DBAB50782A5DD4B700DE6866 /* LaunchScreen.storyboard */; };
		DBAB508A2A5DE3FC00DE6866 /* NewsPresenter.swift in Sources */ = {isa = PBXBuildFile; fileRef = DBAB50842A5DE3FC00DE6866 /* NewsPresenter.swift */; };
		DBAB508C2A5DE3FC00DE6866 /* NewsRouter.swift in Sources */ = {isa = PBXBuildFile; fileRef = DBAB50862A5DE3FC00DE6866 /* NewsRouter.swift */; };
		DBAB508D2A5DE3FC00DE6866 /* NewsModels.swift in Sources */ = {isa = PBXBuildFile; fileRef = DBAB50872A5DE3FC00DE6866 /* NewsModels.swift */; };
		DBAB508E2A5DE3FC00DE6866 /* NewsViewController.swift in Sources */ = {isa = PBXBuildFile; fileRef = DBAB50882A5DE3FC00DE6866 /* NewsViewController.swift */; };
		DBAB508F2A5DE3FC00DE6866 /* NewsInteractor.swift in Sources */ = {isa = PBXBuildFile; fileRef = DBAB50892A5DE3FC00DE6866 /* NewsInteractor.swift */; };
		DBAB50922A5DE44A00DE6866 /* NewsView.swift in Sources */ = {isa = PBXBuildFile; fileRef = DBAB50912A5DE44A00DE6866 /* NewsView.swift */; };
		DBAB50952A5DE65700DE6866 /* NewsConfigurator.swift in Sources */ = {isa = PBXBuildFile; fileRef = DBAB50942A5DE65700DE6866 /* NewsConfigurator.swift */; };
		DBAB50A12A5EAC2000DE6866 /* NewsContentView.swift in Sources */ = {isa = PBXBuildFile; fileRef = DBAB50A02A5EAC2000DE6866 /* NewsContentView.swift */; };
		DBAB50A42A5EAF8300DE6866 /* NewsCollectionItem.swift in Sources */ = {isa = PBXBuildFile; fileRef = DBAB50A32A5EAF8300DE6866 /* NewsCollectionItem.swift */; };
		DBAB50A62A5EC0F200DE6866 /* NewsCollectionViewLayoutFactory.swift in Sources */ = {isa = PBXBuildFile; fileRef = DBAB50A52A5EC0F200DE6866 /* NewsCollectionViewLayoutFactory.swift */; };
		DBAB50AE2A5F669800DE6866 /* APIConstants.swift in Sources */ = {isa = PBXBuildFile; fileRef = DBAB50AD2A5F669800DE6866 /* APIConstants.swift */; };
		DBAB50B52A600A2F00DE6866 /* Kingfisher in Frameworks */ = {isa = PBXBuildFile; productRef = DBAB50B42A600A2F00DE6866 /* Kingfisher */; };
/* End PBXBuildFile section */

/* Begin PBXFileReference section */
		DBAB506A2A5DD4B600DE6866 /* NewsApp.app */ = {isa = PBXFileReference; explicitFileType = wrapper.application; includeInIndex = 0; path = NewsApp.app; sourceTree = BUILT_PRODUCTS_DIR; };
		DBAB506D2A5DD4B600DE6866 /* AppDelegate.swift */ = {isa = PBXFileReference; lastKnownFileType = sourcecode.swift; path = AppDelegate.swift; sourceTree = "<group>"; };
		DBAB506F2A5DD4B600DE6866 /* SceneDelegate.swift */ = {isa = PBXFileReference; lastKnownFileType = sourcecode.swift; path = SceneDelegate.swift; sourceTree = "<group>"; };
		DBAB50762A5DD4B700DE6866 /* Assets.xcassets */ = {isa = PBXFileReference; lastKnownFileType = folder.assetcatalog; path = Assets.xcassets; sourceTree = "<group>"; };
		DBAB50792A5DD4B700DE6866 /* Base */ = {isa = PBXFileReference; lastKnownFileType = file.storyboard; name = Base; path = Base.lproj/LaunchScreen.storyboard; sourceTree = "<group>"; };
		DBAB507B2A5DD4B700DE6866 /* Info.plist */ = {isa = PBXFileReference; lastKnownFileType = text.plist.xml; path = Info.plist; sourceTree = "<group>"; };
		DBAB50842A5DE3FC00DE6866 /* NewsPresenter.swift */ = {isa = PBXFileReference; lastKnownFileType = sourcecode.swift; path = NewsPresenter.swift; sourceTree = "<group>"; };
		DBAB50862A5DE3FC00DE6866 /* NewsRouter.swift */ = {isa = PBXFileReference; lastKnownFileType = sourcecode.swift; path = NewsRouter.swift; sourceTree = "<group>"; };
		DBAB50872A5DE3FC00DE6866 /* NewsModels.swift */ = {isa = PBXFileReference; lastKnownFileType = sourcecode.swift; path = NewsModels.swift; sourceTree = "<group>"; };
		DBAB50882A5DE3FC00DE6866 /* NewsViewController.swift */ = {isa = PBXFileReference; lastKnownFileType = sourcecode.swift; path = NewsViewController.swift; sourceTree = "<group>"; };
		DBAB50892A5DE3FC00DE6866 /* NewsInteractor.swift */ = {isa = PBXFileReference; lastKnownFileType = sourcecode.swift; path = NewsInteractor.swift; sourceTree = "<group>"; };
		DBAB50912A5DE44A00DE6866 /* NewsView.swift */ = {isa = PBXFileReference; lastKnownFileType = sourcecode.swift; path = NewsView.swift; sourceTree = "<group>"; };
		DBAB50942A5DE65700DE6866 /* NewsConfigurator.swift */ = {isa = PBXFileReference; lastKnownFileType = sourcecode.swift; path = NewsConfigurator.swift; sourceTree = "<group>"; };
		DBAB50A02A5EAC2000DE6866 /* NewsContentView.swift */ = {isa = PBXFileReference; lastKnownFileType = sourcecode.swift; path = NewsContentView.swift; sourceTree = "<group>"; };
		DBAB50A32A5EAF8300DE6866 /* NewsCollectionItem.swift */ = {isa = PBXFileReference; lastKnownFileType = sourcecode.swift; path = NewsCollectionItem.swift; sourceTree = "<group>"; };
		DBAB50A52A5EC0F200DE6866 /* NewsCollectionViewLayoutFactory.swift */ = {isa = PBXFileReference; lastKnownFileType = sourcecode.swift; path = NewsCollectionViewLayoutFactory.swift; sourceTree = "<group>"; };
		DBAB50AD2A5F669800DE6866 /* APIConstants.swift */ = {isa = PBXFileReference; lastKnownFileType = sourcecode.swift; path = APIConstants.swift; sourceTree = "<group>"; };
/* End PBXFileReference section */

/* Begin PBXFrameworksBuildPhase section */
		DBAB50672A5DD4B600DE6866 /* Frameworks */ = {
			isa = PBXFrameworksBuildPhase;
			buildActionMask = 2147483647;
			files = (
				DBAB50B52A600A2F00DE6866 /* Kingfisher in Frameworks */,
			);
			runOnlyForDeploymentPostprocessing = 0;
		};
/* End PBXFrameworksBuildPhase section */

/* Begin PBXGroup section */
		DBAB50612A5DD4B600DE6866 = {
			isa = PBXGroup;
			children = (
				DBAB506C2A5DD4B600DE6866 /* NewsApp */,
				DBAB506B2A5DD4B600DE6866 /* Products */,
			);
			sourceTree = "<group>";
		};
		DBAB506B2A5DD4B600DE6866 /* Products */ = {
			isa = PBXGroup;
			children = (
				DBAB506A2A5DD4B600DE6866 /* NewsApp.app */,
			);
			name = Products;
			sourceTree = "<group>";
		};
		DBAB506C2A5DD4B600DE6866 /* NewsApp */ = {
			isa = PBXGroup;
			children = (
				DBAB506D2A5DD4B600DE6866 /* AppDelegate.swift */,
				DBAB506F2A5DD4B600DE6866 /* SceneDelegate.swift */,
				DBAB50822A5DE3C700DE6866 /* Scenes */,
				DBAB50AF2A60012A00DE6866 /* Utilities */,
				DBAB50812A5DE3B800DE6866 /* Resources */,
				DBAB507B2A5DD4B700DE6866 /* Info.plist */,
			);
			path = NewsApp;
			sourceTree = "<group>";
		};
		DBAB50812A5DE3B800DE6866 /* Resources */ = {
			isa = PBXGroup;
			children = (
				DBAB50782A5DD4B700DE6866 /* LaunchScreen.storyboard */,
				DBAB50762A5DD4B700DE6866 /* Assets.xcassets */,
			);
			path = Resources;
			sourceTree = "<group>";
		};
		DBAB50822A5DE3C700DE6866 /* Scenes */ = {
			isa = PBXGroup;
			children = (
				DBAB50832A5DE3CE00DE6866 /* News */,
			);
			path = Scenes;
			sourceTree = "<group>";
		};
		DBAB50832A5DE3CE00DE6866 /* News */ = {
			isa = PBXGroup;
			children = (
				DBAB509F2A5EABFA00DE6866 /* View */,
				DBAB50882A5DE3FC00DE6866 /* NewsViewController.swift */,
				DBAB50892A5DE3FC00DE6866 /* NewsInteractor.swift */,
				DBAB50842A5DE3FC00DE6866 /* NewsPresenter.swift */,
				DBAB50872A5DE3FC00DE6866 /* NewsModels.swift */,
				DBAB50862A5DE3FC00DE6866 /* NewsRouter.swift */,
				DBAB50942A5DE65700DE6866 /* NewsConfigurator.swift */,
			);
			path = News;
			sourceTree = "<group>";
		};
		DBAB50962A5DF0F900DE6866 /* Extensions */ = {
			isa = PBXGroup;
			children = (
			);
			path = Extensions;
			sourceTree = "<group>";
		};
		DBAB50972A5E125B00DE6866 /* Constants */ = {
			isa = PBXGroup;
			children = (
				DBAB50AD2A5F669800DE6866 /* APIConstants.swift */,
			);
			path = Constants;
			sourceTree = "<group>";
		};
		DBAB509F2A5EABFA00DE6866 /* View */ = {
			isa = PBXGroup;
			children = (
				DBAB50912A5DE44A00DE6866 /* NewsView.swift */,
				DBAB50A02A5EAC2000DE6866 /* NewsContentView.swift */,
				DBAB50B82A601CB900DE6866 /* Collection */,
			);
			path = View;
			sourceTree = "<group>";
		};
		DBAB50AF2A60012A00DE6866 /* Utilities */ = {
			isa = PBXGroup;
			children = (
				DBAB50972A5E125B00DE6866 /* Constants */,
				DBAB50962A5DF0F900DE6866 /* Extensions */,
			);
			path = Utilities;
			sourceTree = "<group>";
		};
		DBAB50B82A601CB900DE6866 /* Collection */ = {
			isa = PBXGroup;
			children = (
				DBAB50A52A5EC0F200DE6866 /* NewsCollectionViewLayoutFactory.swift */,
				DBAB50A32A5EAF8300DE6866 /* NewsCollectionItem.swift */,
			);
			path = Collection;
			sourceTree = "<group>";
		};
/* End PBXGroup section */

/* Begin PBXNativeTarget section */
		DBAB50692A5DD4B600DE6866 /* NewsApp */ = {
			isa = PBXNativeTarget;
			buildConfigurationList = DBAB507E2A5DD4B700DE6866 /* Build configuration list for PBXNativeTarget "NewsApp" */;
			buildPhases = (
				DBAB50662A5DD4B600DE6866 /* Sources */,
				DBAB50672A5DD4B600DE6866 /* Frameworks */,
				DBAB50682A5DD4B600DE6866 /* Resources */,
			);
			buildRules = (
			);
			dependencies = (
			);
			name = NewsApp;
			packageProductDependencies = (
				DBAB50B42A600A2F00DE6866 /* Kingfisher */,
			);
			productName = NewsApp;
			productReference = DBAB506A2A5DD4B600DE6866 /* NewsApp.app */;
			productType = "com.apple.product-type.application";
		};
/* End PBXNativeTarget section */

/* Begin PBXProject section */
		DBAB50622A5DD4B600DE6866 /* Project object */ = {
			isa = PBXProject;
			attributes = {
				BuildIndependentTargetsInParallel = 1;
				LastSwiftUpdateCheck = 1410;
				LastUpgradeCheck = 1410;
				TargetAttributes = {
					DBAB50692A5DD4B600DE6866 = {
						CreatedOnToolsVersion = 14.1;
					};
				};
			};
			buildConfigurationList = DBAB50652A5DD4B600DE6866 /* Build configuration list for PBXProject "NewsApp" */;
			compatibilityVersion = "Xcode 14.0";
			developmentRegion = en;
			hasScannedForEncodings = 0;
			knownRegions = (
				en,
				Base,
			);
			mainGroup = DBAB50612A5DD4B600DE6866;
			packageReferences = (
				DBAB50B32A600A2F00DE6866 /* XCRemoteSwiftPackageReference "Kingfisher" */,
			);
			productRefGroup = DBAB506B2A5DD4B600DE6866 /* Products */;
			projectDirPath = "";
			projectRoot = "";
			targets = (
				DBAB50692A5DD4B600DE6866 /* NewsApp */,
			);
		};
/* End PBXProject section */

/* Begin PBXResourcesBuildPhase section */
		DBAB50682A5DD4B600DE6866 /* Resources */ = {
			isa = PBXResourcesBuildPhase;
			buildActionMask = 2147483647;
			files = (
				DBAB507A2A5DD4B700DE6866 /* LaunchScreen.storyboard in Resources */,
				DBAB50772A5DD4B700DE6866 /* Assets.xcassets in Resources */,
			);
			runOnlyForDeploymentPostprocessing = 0;
		};
/* End PBXResourcesBuildPhase section */

/* Begin PBXSourcesBuildPhase section */
		DBAB50662A5DD4B600DE6866 /* Sources */ = {
			isa = PBXSourcesBuildPhase;
			buildActionMask = 2147483647;
			files = (
				DBAB508C2A5DE3FC00DE6866 /* NewsRouter.swift in Sources */,
				DBAB506E2A5DD4B600DE6866 /* AppDelegate.swift in Sources */,
				DBAB50922A5DE44A00DE6866 /* NewsView.swift in Sources */,
				DBAB508D2A5DE3FC00DE6866 /* NewsModels.swift in Sources */,
				DBAB50A62A5EC0F200DE6866 /* NewsCollectionViewLayoutFactory.swift in Sources */,
				DBAB508F2A5DE3FC00DE6866 /* NewsInteractor.swift in Sources */,
				DBAB50702A5DD4B600DE6866 /* SceneDelegate.swift in Sources */,
				DBAB50AE2A5F669800DE6866 /* APIConstants.swift in Sources */,
				DBAB50952A5DE65700DE6866 /* NewsConfigurator.swift in Sources */,
				DBAB508A2A5DE3FC00DE6866 /* NewsPresenter.swift in Sources */,
				DBAB50A12A5EAC2000DE6866 /* NewsContentView.swift in Sources */,
				DBAB508E2A5DE3FC00DE6866 /* NewsViewController.swift in Sources */,
				DBAB50A42A5EAF8300DE6866 /* NewsCollectionItem.swift in Sources */,
			);
			runOnlyForDeploymentPostprocessing = 0;
		};
/* End PBXSourcesBuildPhase section */

/* Begin PBXVariantGroup section */
		DBAB50782A5DD4B700DE6866 /* LaunchScreen.storyboard */ = {
			isa = PBXVariantGroup;
			children = (
				DBAB50792A5DD4B700DE6866 /* Base */,
			);
			name = LaunchScreen.storyboard;
			sourceTree = "<group>";
		};
/* End PBXVariantGroup section */

/* Begin XCBuildConfiguration section */
		DBAB507C2A5DD4B700DE6866 /* Debug */ = {
			isa = XCBuildConfiguration;
			buildSettings = {
				ALWAYS_SEARCH_USER_PATHS = NO;
				CLANG_ANALYZER_NONNULL = YES;
				CLANG_ANALYZER_NUMBER_OBJECT_CONVERSION = YES_AGGRESSIVE;
				CLANG_CXX_LANGUAGE_STANDARD = "gnu++20";
				CLANG_ENABLE_MODULES = YES;
				CLANG_ENABLE_OBJC_ARC = YES;
				CLANG_ENABLE_OBJC_WEAK = YES;
				CLANG_WARN_BLOCK_CAPTURE_AUTORELEASING = YES;
				CLANG_WARN_BOOL_CONVERSION = YES;
				CLANG_WARN_COMMA = YES;
				CLANG_WARN_CONSTANT_CONVERSION = YES;
				CLANG_WARN_DEPRECATED_OBJC_IMPLEMENTATIONS = YES;
				CLANG_WARN_DIRECT_OBJC_ISA_USAGE = YES_ERROR;
				CLANG_WARN_DOCUMENTATION_COMMENTS = YES;
				CLANG_WARN_EMPTY_BODY = YES;
				CLANG_WARN_ENUM_CONVERSION = YES;
				CLANG_WARN_INFINITE_RECURSION = YES;
				CLANG_WARN_INT_CONVERSION = YES;
				CLANG_WARN_NON_LITERAL_NULL_CONVERSION = YES;
				CLANG_WARN_OBJC_IMPLICIT_RETAIN_SELF = YES;
				CLANG_WARN_OBJC_LITERAL_CONVERSION = YES;
				CLANG_WARN_OBJC_ROOT_CLASS = YES_ERROR;
				CLANG_WARN_QUOTED_INCLUDE_IN_FRAMEWORK_HEADER = YES;
				CLANG_WARN_RANGE_LOOP_ANALYSIS = YES;
				CLANG_WARN_STRICT_PROTOTYPES = YES;
				CLANG_WARN_SUSPICIOUS_MOVE = YES;
				CLANG_WARN_UNGUARDED_AVAILABILITY = YES_AGGRESSIVE;
				CLANG_WARN_UNREACHABLE_CODE = YES;
				CLANG_WARN__DUPLICATE_METHOD_MATCH = YES;
				COPY_PHASE_STRIP = NO;
				DEBUG_INFORMATION_FORMAT = dwarf;
				ENABLE_STRICT_OBJC_MSGSEND = YES;
				ENABLE_TESTABILITY = YES;
				GCC_C_LANGUAGE_STANDARD = gnu11;
				GCC_DYNAMIC_NO_PIC = NO;
				GCC_NO_COMMON_BLOCKS = YES;
				GCC_OPTIMIZATION_LEVEL = 0;
				GCC_PREPROCESSOR_DEFINITIONS = (
					"DEBUG=1",
					"$(inherited)",
				);
				GCC_WARN_64_TO_32_BIT_CONVERSION = YES;
				GCC_WARN_ABOUT_RETURN_TYPE = YES_ERROR;
				GCC_WARN_UNDECLARED_SELECTOR = YES;
				GCC_WARN_UNINITIALIZED_AUTOS = YES_AGGRESSIVE;
				GCC_WARN_UNUSED_FUNCTION = YES;
				GCC_WARN_UNUSED_VARIABLE = YES;
				IPHONEOS_DEPLOYMENT_TARGET = 16.1;
				MTL_ENABLE_DEBUG_INFO = INCLUDE_SOURCE;
				MTL_FAST_MATH = YES;
				ONLY_ACTIVE_ARCH = YES;
				SDKROOT = iphoneos;
				SWIFT_ACTIVE_COMPILATION_CONDITIONS = DEBUG;
				SWIFT_OPTIMIZATION_LEVEL = "-Onone";
			};
			name = Debug;
		};
		DBAB507D2A5DD4B700DE6866 /* Release */ = {
			isa = XCBuildConfiguration;
			buildSettings = {
				ALWAYS_SEARCH_USER_PATHS = NO;
				CLANG_ANALYZER_NONNULL = YES;
				CLANG_ANALYZER_NUMBER_OBJECT_CONVERSION = YES_AGGRESSIVE;
				CLANG_CXX_LANGUAGE_STANDARD = "gnu++20";
				CLANG_ENABLE_MODULES = YES;
				CLANG_ENABLE_OBJC_ARC = YES;
				CLANG_ENABLE_OBJC_WEAK = YES;
				CLANG_WARN_BLOCK_CAPTURE_AUTORELEASING = YES;
				CLANG_WARN_BOOL_CONVERSION = YES;
				CLANG_WARN_COMMA = YES;
				CLANG_WARN_CONSTANT_CONVERSION = YES;
				CLANG_WARN_DEPRECATED_OBJC_IMPLEMENTATIONS = YES;
				CLANG_WARN_DIRECT_OBJC_ISA_USAGE = YES_ERROR;
				CLANG_WARN_DOCUMENTATION_COMMENTS = YES;
				CLANG_WARN_EMPTY_BODY = YES;
				CLANG_WARN_ENUM_CONVERSION = YES;
				CLANG_WARN_INFINITE_RECURSION = YES;
				CLANG_WARN_INT_CONVERSION = YES;
				CLANG_WARN_NON_LITERAL_NULL_CONVERSION = YES;
				CLANG_WARN_OBJC_IMPLICIT_RETAIN_SELF = YES;
				CLANG_WARN_OBJC_LITERAL_CONVERSION = YES;
				CLANG_WARN_OBJC_ROOT_CLASS = YES_ERROR;
				CLANG_WARN_QUOTED_INCLUDE_IN_FRAMEWORK_HEADER = YES;
				CLANG_WARN_RANGE_LOOP_ANALYSIS = YES;
				CLANG_WARN_STRICT_PROTOTYPES = YES;
				CLANG_WARN_SUSPICIOUS_MOVE = YES;
				CLANG_WARN_UNGUARDED_AVAILABILITY = YES_AGGRESSIVE;
				CLANG_WARN_UNREACHABLE_CODE = YES;
				CLANG_WARN__DUPLICATE_METHOD_MATCH = YES;
				COPY_PHASE_STRIP = NO;
				DEBUG_INFORMATION_FORMAT = "dwarf-with-dsym";
				ENABLE_NS_ASSERTIONS = NO;
				ENABLE_STRICT_OBJC_MSGSEND = YES;
				GCC_C_LANGUAGE_STANDARD = gnu11;
				GCC_NO_COMMON_BLOCKS = YES;
				GCC_WARN_64_TO_32_BIT_CONVERSION = YES;
				GCC_WARN_ABOUT_RETURN_TYPE = YES_ERROR;
				GCC_WARN_UNDECLARED_SELECTOR = YES;
				GCC_WARN_UNINITIALIZED_AUTOS = YES_AGGRESSIVE;
				GCC_WARN_UNUSED_FUNCTION = YES;
				GCC_WARN_UNUSED_VARIABLE = YES;
				IPHONEOS_DEPLOYMENT_TARGET = 16.1;
				MTL_ENABLE_DEBUG_INFO = NO;
				MTL_FAST_MATH = YES;
				SDKROOT = iphoneos;
				SWIFT_COMPILATION_MODE = wholemodule;
				SWIFT_OPTIMIZATION_LEVEL = "-O";
				VALIDATE_PRODUCT = YES;
			};
			name = Release;
		};
		DBAB507F2A5DD4B700DE6866 /* Debug */ = {
			isa = XCBuildConfiguration;
			buildSettings = {
				ASSETCATALOG_COMPILER_APPICON_NAME = AppIcon;
				ASSETCATALOG_COMPILER_GLOBAL_ACCENT_COLOR_NAME = AccentColor;
				CODE_SIGN_STYLE = Automatic;
				CURRENT_PROJECT_VERSION = 1;
				DEVELOPMENT_TEAM = G47V947RVA;
				GENERATE_INFOPLIST_FILE = YES;
				INFOPLIST_FILE = NewsApp/Info.plist;
				INFOPLIST_KEY_UIApplicationSupportsIndirectInputEvents = YES;
				INFOPLIST_KEY_UILaunchStoryboardName = LaunchScreen;
				INFOPLIST_KEY_UISupportedInterfaceOrientations_iPad = "UIInterfaceOrientationPortrait UIInterfaceOrientationPortraitUpsideDown UIInterfaceOrientationLandscapeLeft UIInterfaceOrientationLandscapeRight";
				INFOPLIST_KEY_UISupportedInterfaceOrientations_iPhone = "UIInterfaceOrientationPortrait UIInterfaceOrientationLandscapeLeft UIInterfaceOrientationLandscapeRight";
				LD_RUNPATH_SEARCH_PATHS = (
					"$(inherited)",
					"@executable_path/Frameworks",
				);
				MARKETING_VERSION = 1.0;
				PRODUCT_BUNDLE_IDENTIFIER = ru.kpigalkin.NewsApp;
				PRODUCT_NAME = "$(TARGET_NAME)";
				SWIFT_EMIT_LOC_STRINGS = YES;
				SWIFT_VERSION = 5.0;
				TARGETED_DEVICE_FAMILY = "1,2";
			};
			name = Debug;
		};
		DBAB50802A5DD4B700DE6866 /* Release */ = {
			isa = XCBuildConfiguration;
			buildSettings = {
				ASSETCATALOG_COMPILER_APPICON_NAME = AppIcon;
				ASSETCATALOG_COMPILER_GLOBAL_ACCENT_COLOR_NAME = AccentColor;
				CODE_SIGN_STYLE = Automatic;
				CURRENT_PROJECT_VERSION = 1;
				DEVELOPMENT_TEAM = G47V947RVA;
				GENERATE_INFOPLIST_FILE = YES;
				INFOPLIST_FILE = NewsApp/Info.plist;
				INFOPLIST_KEY_UIApplicationSupportsIndirectInputEvents = YES;
				INFOPLIST_KEY_UILaunchStoryboardName = LaunchScreen;
				INFOPLIST_KEY_UISupportedInterfaceOrientations_iPad = "UIInterfaceOrientationPortrait UIInterfaceOrientationPortraitUpsideDown UIInterfaceOrientationLandscapeLeft UIInterfaceOrientationLandscapeRight";
				INFOPLIST_KEY_UISupportedInterfaceOrientations_iPhone = "UIInterfaceOrientationPortrait UIInterfaceOrientationLandscapeLeft UIInterfaceOrientationLandscapeRight";
				LD_RUNPATH_SEARCH_PATHS = (
					"$(inherited)",
					"@executable_path/Frameworks",
				);
				MARKETING_VERSION = 1.0;
				PRODUCT_BUNDLE_IDENTIFIER = ru.kpigalkin.NewsApp;
				PRODUCT_NAME = "$(TARGET_NAME)";
				SWIFT_EMIT_LOC_STRINGS = YES;
				SWIFT_VERSION = 5.0;
				TARGETED_DEVICE_FAMILY = "1,2";
			};
			name = Release;
		};
/* End XCBuildConfiguration section */

/* Begin XCConfigurationList section */
		DBAB50652A5DD4B600DE6866 /* Build configuration list for PBXProject "NewsApp" */ = {
			isa = XCConfigurationList;
			buildConfigurations = (
				DBAB507C2A5DD4B700DE6866 /* Debug */,
				DBAB507D2A5DD4B700DE6866 /* Release */,
			);
			defaultConfigurationIsVisible = 0;
			defaultConfigurationName = Release;
		};
		DBAB507E2A5DD4B700DE6866 /* Build configuration list for PBXNativeTarget "NewsApp" */ = {
			isa = XCConfigurationList;
			buildConfigurations = (
				DBAB507F2A5DD4B700DE6866 /* Debug */,
				DBAB50802A5DD4B700DE6866 /* Release */,
			);
			defaultConfigurationIsVisible = 0;
			defaultConfigurationName = Release;
		};
/* End XCConfigurationList section */

/* Begin XCRemoteSwiftPackageReference section */
		DBAB50B32A600A2F00DE6866 /* XCRemoteSwiftPackageReference "Kingfisher" */ = {
			isa = XCRemoteSwiftPackageReference;
			repositoryURL = "https://github.com/onevcat/Kingfisher.git";
			requirement = {
				kind = upToNextMajorVersion;
				minimumVersion = 7.0.0;
			};
		};
/* End XCRemoteSwiftPackageReference section */

/* Begin XCSwiftPackageProductDependency section */
		DBAB50B42A600A2F00DE6866 /* Kingfisher */ = {
			isa = XCSwiftPackageProductDependency;
			package = DBAB50B32A600A2F00DE6866 /* XCRemoteSwiftPackageReference "Kingfisher" */;
			productName = Kingfisher;
		};
/* End XCSwiftPackageProductDependency section */
	};
	rootObject = DBAB50622A5DD4B600DE6866 /* Project object */;
}
