// !$*UTF8*$!
{
	archiveVersion = 1;
	classes = {
	};
	objectVersion = 56;
	objects = {

/* Begin PBXBuildFile section */
		DB457DA72A6AF8C500C36E0E /* Endpoint.swift in Sources */ = {isa = PBXBuildFile; fileRef = DB457DA62A6AF8C500C36E0E /* Endpoint.swift */; };
		DB457DA92A6B0CEB00C36E0E /* HTTPMethod.swift in Sources */ = {isa = PBXBuildFile; fileRef = DB457DA82A6B0CEB00C36E0E /* HTTPMethod.swift */; };
		DB457DAB2A6B0D4B00C36E0E /* HTTPClient.swift in Sources */ = {isa = PBXBuildFile; fileRef = DB457DAA2A6B0D4B00C36E0E /* HTTPClient.swift */; };
		DB457DAF2A6B1CCF00C36E0E /* HomeNetworkWorker.swift in Sources */ = {isa = PBXBuildFile; fileRef = DB457DAE2A6B1CCF00C36E0E /* HomeNetworkWorker.swift */; };
		DB4E3B1F2A61FAB2008D0CA3 /* UILabel+Extension.swift in Sources */ = {isa = PBXBuildFile; fileRef = DB4E3B1E2A61FAB2008D0CA3 /* UILabel+Extension.swift */; };
		DB6309052A7259C500B71C50 /* UIColor+Assets.swift in Sources */ = {isa = PBXBuildFile; fileRef = DB6309042A7259C500B71C50 /* UIColor+Assets.swift */; };
		DB6309082A725BA900B71C50 /* Stirng+Assets.swift in Sources */ = {isa = PBXBuildFile; fileRef = DB6309072A725BA900B71C50 /* Stirng+Assets.swift */; };
		DB9FC60F2A6F20120081210E /* DetialContent.swift in Sources */ = {isa = PBXBuildFile; fileRef = DB9FC60E2A6F20120081210E /* DetialContent.swift */; };
		DB9FC6112A7024A40081210E /* SectionHeaderView.swift in Sources */ = {isa = PBXBuildFile; fileRef = DB9FC6102A7024A40081210E /* SectionHeaderView.swift */; };
		DBAB506E2A5DD4B600DE6866 /* AppDelegate.swift in Sources */ = {isa = PBXBuildFile; fileRef = DBAB506D2A5DD4B600DE6866 /* AppDelegate.swift */; };
		DBAB50702A5DD4B600DE6866 /* SceneDelegate.swift in Sources */ = {isa = PBXBuildFile; fileRef = DBAB506F2A5DD4B600DE6866 /* SceneDelegate.swift */; };
		DBAB50772A5DD4B700DE6866 /* Assets.xcassets in Resources */ = {isa = PBXBuildFile; fileRef = DBAB50762A5DD4B700DE6866 /* Assets.xcassets */; };
		DBAB507A2A5DD4B700DE6866 /* LaunchScreen.storyboard in Resources */ = {isa = PBXBuildFile; fileRef = DBAB50782A5DD4B700DE6866 /* LaunchScreen.storyboard */; };
		DBAB508A2A5DE3FC00DE6866 /* HomePresenter.swift in Sources */ = {isa = PBXBuildFile; fileRef = DBAB50842A5DE3FC00DE6866 /* HomePresenter.swift */; };
		DBAB508C2A5DE3FC00DE6866 /* HomeRouter.swift in Sources */ = {isa = PBXBuildFile; fileRef = DBAB50862A5DE3FC00DE6866 /* HomeRouter.swift */; };
		DBAB508D2A5DE3FC00DE6866 /* HomeModels.swift in Sources */ = {isa = PBXBuildFile; fileRef = DBAB50872A5DE3FC00DE6866 /* HomeModels.swift */; };
		DBAB508E2A5DE3FC00DE6866 /* HomeViewController.swift in Sources */ = {isa = PBXBuildFile; fileRef = DBAB50882A5DE3FC00DE6866 /* HomeViewController.swift */; };
		DBAB508F2A5DE3FC00DE6866 /* HomeInteractor.swift in Sources */ = {isa = PBXBuildFile; fileRef = DBAB50892A5DE3FC00DE6866 /* HomeInteractor.swift */; };
		DBAB50952A5DE65700DE6866 /* HomeSceneConfigurator.swift in Sources */ = {isa = PBXBuildFile; fileRef = DBAB50942A5DE65700DE6866 /* HomeSceneConfigurator.swift */; };
		DBAB50A12A5EAC2000DE6866 /* NewsContentView.swift in Sources */ = {isa = PBXBuildFile; fileRef = DBAB50A02A5EAC2000DE6866 /* NewsContentView.swift */; };
		DBAB50A42A5EAF8300DE6866 /* HomeCollectionItem.swift in Sources */ = {isa = PBXBuildFile; fileRef = DBAB50A32A5EAF8300DE6866 /* HomeCollectionItem.swift */; };
		DBAB50A62A5EC0F200DE6866 /* HomeCollectionViewLayoutFactory.swift in Sources */ = {isa = PBXBuildFile; fileRef = DBAB50A52A5EC0F200DE6866 /* HomeCollectionViewLayoutFactory.swift */; };
		DBAB50AE2A5F669800DE6866 /* SpaceFlightNewsEndpoint.swift in Sources */ = {isa = PBXBuildFile; fileRef = DBAB50AD2A5F669800DE6866 /* SpaceFlightNewsEndpoint.swift */; };
		DBAB50B52A600A2F00DE6866 /* Kingfisher in Frameworks */ = {isa = PBXBuildFile; productRef = DBAB50B42A600A2F00DE6866 /* Kingfisher */; };
		DBAB50C42A6056B800DE6866 /* DetailPresenter.swift in Sources */ = {isa = PBXBuildFile; fileRef = DBAB50BE2A6056B800DE6866 /* DetailPresenter.swift */; };
		DBAB50C62A6056B800DE6866 /* DetailRouter.swift in Sources */ = {isa = PBXBuildFile; fileRef = DBAB50C02A6056B800DE6866 /* DetailRouter.swift */; };
		DBAB50C72A6056B800DE6866 /* DetailModels.swift in Sources */ = {isa = PBXBuildFile; fileRef = DBAB50C12A6056B800DE6866 /* DetailModels.swift */; };
		DBAB50C82A6056B800DE6866 /* DetailViewController.swift in Sources */ = {isa = PBXBuildFile; fileRef = DBAB50C22A6056B800DE6866 /* DetailViewController.swift */; };
		DBAB50C92A6056B800DE6866 /* DetailInteractor.swift in Sources */ = {isa = PBXBuildFile; fileRef = DBAB50C32A6056B800DE6866 /* DetailInteractor.swift */; };
		DBAB50CB2A6056DF00DE6866 /* DetailSceneConfigurator.swift in Sources */ = {isa = PBXBuildFile; fileRef = DBAB50CA2A6056DF00DE6866 /* DetailSceneConfigurator.swift */; };
		DBAE4C7E2A725E2B00E622BD /* Int+Assets.swift in Sources */ = {isa = PBXBuildFile; fileRef = DBAE4C7D2A725E2B00E622BD /* Int+Assets.swift */; };
		DBAE4C812A725E9100E622BD /* DateFormatter+Assets.swift in Sources */ = {isa = PBXBuildFile; fileRef = DBAE4C802A725E9100E622BD /* DateFormatter+Assets.swift */; };
		DBAE4C842A725ED500E622BD /* UIImage+Assets.swift in Sources */ = {isa = PBXBuildFile; fileRef = DBAE4C832A725ED500E622BD /* UIImage+Assets.swift */; };
		DBD1037B2A64B62F00077781 /* DateFormatter+Extension.swift in Sources */ = {isa = PBXBuildFile; fileRef = DBD1037A2A64B62F00077781 /* DateFormatter+Extension.swift */; };
		DBD103862A6558ED00077781 /* News.swift in Sources */ = {isa = PBXBuildFile; fileRef = DBD103852A6558ED00077781 /* News.swift */; };
		DBD1038D2A657EFF00077781 /* Realm in Frameworks */ = {isa = PBXBuildFile; productRef = DBD1038C2A657EFF00077781 /* Realm */; };
		DBD1038F2A657EFF00077781 /* RealmSwift in Frameworks */ = {isa = PBXBuildFile; productRef = DBD1038E2A657EFF00077781 /* RealmSwift */; };
		DBD103922A65A99000077781 /* RequestError.swift in Sources */ = {isa = PBXBuildFile; fileRef = DBD103912A65A99000077781 /* RequestError.swift */; };
		DBD1039A2A65D96A00077781 /* BlogContenView.swift in Sources */ = {isa = PBXBuildFile; fileRef = DBD103992A65D96A00077781 /* BlogContenView.swift */; };
		DBDE6BE02A6753F1000FC287 /* UIImage+Extension.swift in Sources */ = {isa = PBXBuildFile; fileRef = DBDE6BDF2A6753F1000FC287 /* UIImage+Extension.swift */; };
		DBDE6BE22A675F31000FC287 /* UIView+Extension.swift in Sources */ = {isa = PBXBuildFile; fileRef = DBDE6BE12A675F31000FC287 /* UIView+Extension.swift */; };
		DBDE6BE72A6812AE000FC287 /* KingfisherWrapper+Extension.swift in Sources */ = {isa = PBXBuildFile; fileRef = DBDE6BE62A6812AE000FC287 /* KingfisherWrapper+Extension.swift */; };
		DBDFDCA52A697A5E00C30098 /* StorageError.swift in Sources */ = {isa = PBXBuildFile; fileRef = DBDFDCA42A697A5E00C30098 /* StorageError.swift */; };
		DBE2FAB22A6E613A005F8AFB /* RealmService.swift in Sources */ = {isa = PBXBuildFile; fileRef = DBE2FAB12A6E613A005F8AFB /* RealmService.swift */; };
		DBE2FAB72A6E811A005F8AFB /* BlogObject.swift in Sources */ = {isa = PBXBuildFile; fileRef = DBE2FAB62A6E811A005F8AFB /* BlogObject.swift */; };
		DBE2FAB92A6E8123005F8AFB /* NewsObject.swift in Sources */ = {isa = PBXBuildFile; fileRef = DBE2FAB82A6E8123005F8AFB /* NewsObject.swift */; };
		DBE2FABB2A6E820F005F8AFB /* HomeStorageWorker.swift in Sources */ = {isa = PBXBuildFile; fileRef = DBE2FABA2A6E820F005F8AFB /* HomeStorageWorker.swift */; };
		DBE2FABE2A6E9317005F8AFB /* Blog.swift in Sources */ = {isa = PBXBuildFile; fileRef = DBE2FABD2A6E9317005F8AFB /* Blog.swift */; };
		DBE2FAC32A6F0DE3005F8AFB /* SceneConfigurator.swift in Sources */ = {isa = PBXBuildFile; fileRef = DBE2FAC22A6F0DE3005F8AFB /* SceneConfigurator.swift */; };
		DBEDF3062A614C2100F71DAC /* HomeSection.swift in Sources */ = {isa = PBXBuildFile; fileRef = DBEDF3052A614C2100F71DAC /* HomeSection.swift */; };
/* End PBXBuildFile section */

/* Begin PBXFileReference section */
		DB457DA62A6AF8C500C36E0E /* Endpoint.swift */ = {isa = PBXFileReference; lastKnownFileType = sourcecode.swift; path = Endpoint.swift; sourceTree = "<group>"; };
		DB457DA82A6B0CEB00C36E0E /* HTTPMethod.swift */ = {isa = PBXFileReference; lastKnownFileType = sourcecode.swift; path = HTTPMethod.swift; sourceTree = "<group>"; };
		DB457DAA2A6B0D4B00C36E0E /* HTTPClient.swift */ = {isa = PBXFileReference; lastKnownFileType = sourcecode.swift; path = HTTPClient.swift; sourceTree = "<group>"; };
		DB457DAE2A6B1CCF00C36E0E /* HomeNetworkWorker.swift */ = {isa = PBXFileReference; lastKnownFileType = sourcecode.swift; path = HomeNetworkWorker.swift; sourceTree = "<group>"; };
		DB4E3B1E2A61FAB2008D0CA3 /* UILabel+Extension.swift */ = {isa = PBXFileReference; lastKnownFileType = sourcecode.swift; path = "UILabel+Extension.swift"; sourceTree = "<group>"; };
		DB6309042A7259C500B71C50 /* UIColor+Assets.swift */ = {isa = PBXFileReference; lastKnownFileType = sourcecode.swift; path = "UIColor+Assets.swift"; sourceTree = "<group>"; };
		DB6309072A725BA900B71C50 /* Stirng+Assets.swift */ = {isa = PBXFileReference; lastKnownFileType = sourcecode.swift; path = "Stirng+Assets.swift"; sourceTree = "<group>"; };
		DB9FC60E2A6F20120081210E /* DetialContent.swift */ = {isa = PBXFileReference; lastKnownFileType = sourcecode.swift; path = DetialContent.swift; sourceTree = "<group>"; };
		DB9FC6102A7024A40081210E /* SectionHeaderView.swift */ = {isa = PBXFileReference; lastKnownFileType = sourcecode.swift; path = SectionHeaderView.swift; sourceTree = "<group>"; };
		DBAB506A2A5DD4B600DE6866 /* NewsApp.app */ = {isa = PBXFileReference; explicitFileType = wrapper.application; includeInIndex = 0; path = NewsApp.app; sourceTree = BUILT_PRODUCTS_DIR; };
		DBAB506D2A5DD4B600DE6866 /* AppDelegate.swift */ = {isa = PBXFileReference; lastKnownFileType = sourcecode.swift; path = AppDelegate.swift; sourceTree = "<group>"; };
		DBAB506F2A5DD4B600DE6866 /* SceneDelegate.swift */ = {isa = PBXFileReference; lastKnownFileType = sourcecode.swift; path = SceneDelegate.swift; sourceTree = "<group>"; };
		DBAB50762A5DD4B700DE6866 /* Assets.xcassets */ = {isa = PBXFileReference; lastKnownFileType = folder.assetcatalog; path = Assets.xcassets; sourceTree = "<group>"; };
		DBAB50792A5DD4B700DE6866 /* Base */ = {isa = PBXFileReference; lastKnownFileType = file.storyboard; name = Base; path = Base.lproj/LaunchScreen.storyboard; sourceTree = "<group>"; };
		DBAB507B2A5DD4B700DE6866 /* Info.plist */ = {isa = PBXFileReference; lastKnownFileType = text.plist.xml; path = Info.plist; sourceTree = "<group>"; };
		DBAB50842A5DE3FC00DE6866 /* HomePresenter.swift */ = {isa = PBXFileReference; lastKnownFileType = sourcecode.swift; path = HomePresenter.swift; sourceTree = "<group>"; };
		DBAB50862A5DE3FC00DE6866 /* HomeRouter.swift */ = {isa = PBXFileReference; lastKnownFileType = sourcecode.swift; path = HomeRouter.swift; sourceTree = "<group>"; };
		DBAB50872A5DE3FC00DE6866 /* HomeModels.swift */ = {isa = PBXFileReference; lastKnownFileType = sourcecode.swift; path = HomeModels.swift; sourceTree = "<group>"; };
		DBAB50882A5DE3FC00DE6866 /* HomeViewController.swift */ = {isa = PBXFileReference; lastKnownFileType = sourcecode.swift; path = HomeViewController.swift; sourceTree = "<group>"; };
		DBAB50892A5DE3FC00DE6866 /* HomeInteractor.swift */ = {isa = PBXFileReference; lastKnownFileType = sourcecode.swift; path = HomeInteractor.swift; sourceTree = "<group>"; };
		DBAB50942A5DE65700DE6866 /* HomeSceneConfigurator.swift */ = {isa = PBXFileReference; lastKnownFileType = sourcecode.swift; path = HomeSceneConfigurator.swift; sourceTree = "<group>"; };
		DBAB50A02A5EAC2000DE6866 /* NewsContentView.swift */ = {isa = PBXFileReference; lastKnownFileType = sourcecode.swift; path = NewsContentView.swift; sourceTree = "<group>"; };
		DBAB50A32A5EAF8300DE6866 /* HomeCollectionItem.swift */ = {isa = PBXFileReference; lastKnownFileType = sourcecode.swift; path = HomeCollectionItem.swift; sourceTree = "<group>"; };
		DBAB50A52A5EC0F200DE6866 /* HomeCollectionViewLayoutFactory.swift */ = {isa = PBXFileReference; lastKnownFileType = sourcecode.swift; path = HomeCollectionViewLayoutFactory.swift; sourceTree = "<group>"; };
		DBAB50AD2A5F669800DE6866 /* SpaceFlightNewsEndpoint.swift */ = {isa = PBXFileReference; lastKnownFileType = sourcecode.swift; path = SpaceFlightNewsEndpoint.swift; sourceTree = "<group>"; };
		DBAB50BE2A6056B800DE6866 /* DetailPresenter.swift */ = {isa = PBXFileReference; lastKnownFileType = sourcecode.swift; path = DetailPresenter.swift; sourceTree = "<group>"; };
		DBAB50C02A6056B800DE6866 /* DetailRouter.swift */ = {isa = PBXFileReference; lastKnownFileType = sourcecode.swift; path = DetailRouter.swift; sourceTree = "<group>"; };
		DBAB50C12A6056B800DE6866 /* DetailModels.swift */ = {isa = PBXFileReference; lastKnownFileType = sourcecode.swift; path = DetailModels.swift; sourceTree = "<group>"; };
		DBAB50C22A6056B800DE6866 /* DetailViewController.swift */ = {isa = PBXFileReference; lastKnownFileType = sourcecode.swift; path = DetailViewController.swift; sourceTree = "<group>"; };
		DBAB50C32A6056B800DE6866 /* DetailInteractor.swift */ = {isa = PBXFileReference; lastKnownFileType = sourcecode.swift; path = DetailInteractor.swift; sourceTree = "<group>"; };
		DBAB50CA2A6056DF00DE6866 /* DetailSceneConfigurator.swift */ = {isa = PBXFileReference; lastKnownFileType = sourcecode.swift; path = DetailSceneConfigurator.swift; sourceTree = "<group>"; };
		DBAE4C7D2A725E2B00E622BD /* Int+Assets.swift */ = {isa = PBXFileReference; lastKnownFileType = sourcecode.swift; path = "Int+Assets.swift"; sourceTree = "<group>"; };
		DBAE4C802A725E9100E622BD /* DateFormatter+Assets.swift */ = {isa = PBXFileReference; lastKnownFileType = sourcecode.swift; path = "DateFormatter+Assets.swift"; sourceTree = "<group>"; };
		DBAE4C832A725ED500E622BD /* UIImage+Assets.swift */ = {isa = PBXFileReference; lastKnownFileType = sourcecode.swift; path = "UIImage+Assets.swift"; sourceTree = "<group>"; };
		DBD1037A2A64B62F00077781 /* DateFormatter+Extension.swift */ = {isa = PBXFileReference; lastKnownFileType = sourcecode.swift; path = "DateFormatter+Extension.swift"; sourceTree = "<group>"; };
		DBD103852A6558ED00077781 /* News.swift */ = {isa = PBXFileReference; lastKnownFileType = sourcecode.swift; path = News.swift; sourceTree = "<group>"; };
		DBD103912A65A99000077781 /* RequestError.swift */ = {isa = PBXFileReference; lastKnownFileType = sourcecode.swift; path = RequestError.swift; sourceTree = "<group>"; };
		DBD103992A65D96A00077781 /* BlogContenView.swift */ = {isa = PBXFileReference; lastKnownFileType = sourcecode.swift; path = BlogContenView.swift; sourceTree = "<group>"; };
		DBDE6BDF2A6753F1000FC287 /* UIImage+Extension.swift */ = {isa = PBXFileReference; lastKnownFileType = sourcecode.swift; path = "UIImage+Extension.swift"; sourceTree = "<group>"; };
		DBDE6BE12A675F31000FC287 /* UIView+Extension.swift */ = {isa = PBXFileReference; lastKnownFileType = sourcecode.swift; path = "UIView+Extension.swift"; sourceTree = "<group>"; };
		DBDE6BE62A6812AE000FC287 /* KingfisherWrapper+Extension.swift */ = {isa = PBXFileReference; lastKnownFileType = sourcecode.swift; path = "KingfisherWrapper+Extension.swift"; sourceTree = "<group>"; };
		DBDFDCA42A697A5E00C30098 /* StorageError.swift */ = {isa = PBXFileReference; lastKnownFileType = sourcecode.swift; path = StorageError.swift; sourceTree = "<group>"; };
		DBE2FAB12A6E613A005F8AFB /* RealmService.swift */ = {isa = PBXFileReference; lastKnownFileType = sourcecode.swift; path = RealmService.swift; sourceTree = "<group>"; };
		DBE2FAB62A6E811A005F8AFB /* BlogObject.swift */ = {isa = PBXFileReference; lastKnownFileType = sourcecode.swift; path = BlogObject.swift; sourceTree = "<group>"; };
		DBE2FAB82A6E8123005F8AFB /* NewsObject.swift */ = {isa = PBXFileReference; lastKnownFileType = sourcecode.swift; path = NewsObject.swift; sourceTree = "<group>"; };
		DBE2FABA2A6E820F005F8AFB /* HomeStorageWorker.swift */ = {isa = PBXFileReference; lastKnownFileType = sourcecode.swift; path = HomeStorageWorker.swift; sourceTree = "<group>"; };
		DBE2FABD2A6E9317005F8AFB /* Blog.swift */ = {isa = PBXFileReference; lastKnownFileType = sourcecode.swift; path = Blog.swift; sourceTree = "<group>"; };
		DBE2FAC22A6F0DE3005F8AFB /* SceneConfigurator.swift */ = {isa = PBXFileReference; lastKnownFileType = sourcecode.swift; path = SceneConfigurator.swift; sourceTree = "<group>"; };
		DBEDF3052A614C2100F71DAC /* HomeSection.swift */ = {isa = PBXFileReference; lastKnownFileType = sourcecode.swift; path = HomeSection.swift; sourceTree = "<group>"; };
/* End PBXFileReference section */

/* Begin PBXFrameworksBuildPhase section */
		DBAB50672A5DD4B600DE6866 /* Frameworks */ = {
			isa = PBXFrameworksBuildPhase;
			buildActionMask = 2147483647;
			files = (
				DBD1038F2A657EFF00077781 /* RealmSwift in Frameworks */,
				DBD1038D2A657EFF00077781 /* Realm in Frameworks */,
				DBAB50B52A600A2F00DE6866 /* Kingfisher in Frameworks */,
			);
			runOnlyForDeploymentPostprocessing = 0;
		};
/* End PBXFrameworksBuildPhase section */

/* Begin PBXGroup section */
		DB457DA32A6AF65900C36E0E /* Endpoints */ = {
			isa = PBXGroup;
			children = (
				DBAB50AD2A5F669800DE6866 /* SpaceFlightNewsEndpoint.swift */,
			);
			path = Endpoints;
			sourceTree = "<group>";
		};
		DB457DA42A6AF66D00C36E0E /* Base */ = {
			isa = PBXGroup;
			children = (
				DB457DA62A6AF8C500C36E0E /* Endpoint.swift */,
				DB457DAA2A6B0D4B00C36E0E /* HTTPClient.swift */,
				DB457DA82A6B0CEB00C36E0E /* HTTPMethod.swift */,
				DBD103912A65A99000077781 /* RequestError.swift */,
			);
			path = Base;
			sourceTree = "<group>";
		};
		DB6309032A72598200B71C50 /* Colors */ = {
			isa = PBXGroup;
			children = (
				DB6309042A7259C500B71C50 /* UIColor+Assets.swift */,
			);
			path = Colors;
			sourceTree = "<group>";
		};
		DB6309062A725B9900B71C50 /* String */ = {
			isa = PBXGroup;
			children = (
				DB6309072A725BA900B71C50 /* Stirng+Assets.swift */,
			);
			path = String;
			sourceTree = "<group>";
		};
		DB6421F52A7062CF00905926 /* CollectionView */ = {
			isa = PBXGroup;
			children = (
				DBAB50A02A5EAC2000DE6866 /* NewsContentView.swift */,
				DBD103992A65D96A00077781 /* BlogContenView.swift */,
				DB9FC6102A7024A40081210E /* SectionHeaderView.swift */,
			);
			path = CollectionView;
			sourceTree = "<group>";
		};
		DBAB50612A5DD4B600DE6866 = {
			isa = PBXGroup;
			children = (
				DBAB506C2A5DD4B600DE6866 /* NewsApp */,
				DBAB506B2A5DD4B600DE6866 /* Products */,
			);
			sourceTree = "<group>";
		};
		DBAB506B2A5DD4B600DE6866 /* Products */ = {
			isa = PBXGroup;
			children = (
				DBAB506A2A5DD4B600DE6866 /* NewsApp.app */,
			);
			name = Products;
			sourceTree = "<group>";
		};
		DBAB506C2A5DD4B600DE6866 /* NewsApp */ = {
			isa = PBXGroup;
			children = (
				DBAB506D2A5DD4B600DE6866 /* AppDelegate.swift */,
				DBAB506F2A5DD4B600DE6866 /* SceneDelegate.swift */,
				DBAB50822A5DE3C700DE6866 /* Scenes */,
				DBAB50972A5E125B00DE6866 /* Network */,
				DBD1037C2A65496B00077781 /* Storage */,
				DBAB50AF2A60012A00DE6866 /* Utilities */,
				DBAB50812A5DE3B800DE6866 /* Resources */,
				DBAB507B2A5DD4B700DE6866 /* Info.plist */,
			);
			path = NewsApp;
			sourceTree = "<group>";
		};
		DBAB50812A5DE3B800DE6866 /* Resources */ = {
			isa = PBXGroup;
			children = (
				DBAE4C822A725EC100E622BD /* Image */,
				DBAE4C7F2A725E7800E622BD /* DateFormat */,
				DBAE4C7C2A725E0700E622BD /* Cache */,
				DB6309062A725B9900B71C50 /* String */,
				DB6309032A72598200B71C50 /* Colors */,
				DBAB50782A5DD4B700DE6866 /* LaunchScreen.storyboard */,
				DBAB50762A5DD4B700DE6866 /* Assets.xcassets */,
			);
			path = Resources;
			sourceTree = "<group>";
		};
		DBAB50822A5DE3C700DE6866 /* Scenes */ = {
			isa = PBXGroup;
			children = (
				DBAB50BB2A60563E00DE6866 /* Detail */,
				DBAB50832A5DE3CE00DE6866 /* Home */,
			);
			path = Scenes;
			sourceTree = "<group>";
		};
		DBAB50832A5DE3CE00DE6866 /* Home */ = {
			isa = PBXGroup;
			children = (
				DBAB50BC2A60564F00DE6866 /* Configurator */,
				DBD103942A65BDB000077781 /* Models */,
				DBAB509F2A5EABFA00DE6866 /* View */,
				DBE2FABC2A6E8220005F8AFB /* Workers */,
				DBAB50892A5DE3FC00DE6866 /* HomeInteractor.swift */,
				DBAB50842A5DE3FC00DE6866 /* HomePresenter.swift */,
				DBAB50862A5DE3FC00DE6866 /* HomeRouter.swift */,
			);
			path = Home;
			sourceTree = "<group>";
		};
		DBAB50962A5DF0F900DE6866 /* Extensions */ = {
			isa = PBXGroup;
			children = (
				DBD1037A2A64B62F00077781 /* DateFormatter+Extension.swift */,
				DBDE6BDF2A6753F1000FC287 /* UIImage+Extension.swift */,
				DB4E3B1E2A61FAB2008D0CA3 /* UILabel+Extension.swift */,
				DBDE6BE12A675F31000FC287 /* UIView+Extension.swift */,
				DBDE6BE62A6812AE000FC287 /* KingfisherWrapper+Extension.swift */,
			);
			path = Extensions;
			sourceTree = "<group>";
		};
		DBAB50972A5E125B00DE6866 /* Network */ = {
			isa = PBXGroup;
			children = (
				DB457DA42A6AF66D00C36E0E /* Base */,
				DB457DA32A6AF65900C36E0E /* Endpoints */,
			);
			path = Network;
			sourceTree = "<group>";
		};
		DBAB509F2A5EABFA00DE6866 /* View */ = {
			isa = PBXGroup;
			children = (
				DBAB50882A5DE3FC00DE6866 /* HomeViewController.swift */,
				DB6421F52A7062CF00905926 /* CollectionView */,
				DBD1039B2A65D9DD00077781 /* DataSource */,
			);
			path = View;
			sourceTree = "<group>";
		};
		DBAB50AF2A60012A00DE6866 /* Utilities */ = {
			isa = PBXGroup;
			children = (
				DBE2FAC12A6F0DAD005F8AFB /* Helpers */,
				DBAB50962A5DF0F900DE6866 /* Extensions */,
			);
			path = Utilities;
			sourceTree = "<group>";
		};
		DBAB50BB2A60563E00DE6866 /* Detail */ = {
			isa = PBXGroup;
			children = (
				DBAB50BD2A60568D00DE6866 /* Configurator */,
				DBDE6BDC2A674710000FC287 /* Models */,
				DBDE6BDD2A674733000FC287 /* View */,
				DBAB50C32A6056B800DE6866 /* DetailInteractor.swift */,
				DBAB50BE2A6056B800DE6866 /* DetailPresenter.swift */,
				DBAB50C02A6056B800DE6866 /* DetailRouter.swift */,
			);
			path = Detail;
			sourceTree = "<group>";
		};
		DBAB50BC2A60564F00DE6866 /* Configurator */ = {
			isa = PBXGroup;
			children = (
				DBAB50942A5DE65700DE6866 /* HomeSceneConfigurator.swift */,
			);
			path = Configurator;
			sourceTree = "<group>";
		};
		DBAB50BD2A60568D00DE6866 /* Configurator */ = {
			isa = PBXGroup;
			children = (
				DBAB50CA2A6056DF00DE6866 /* DetailSceneConfigurator.swift */,
			);
			path = Configurator;
			sourceTree = "<group>";
		};
		DBAE4C7C2A725E0700E622BD /* Cache */ = {
			isa = PBXGroup;
			children = (
				DBAE4C7D2A725E2B00E622BD /* Int+Assets.swift */,
			);
			path = Cache;
			sourceTree = "<group>";
		};
		DBAE4C7F2A725E7800E622BD /* DateFormat */ = {
			isa = PBXGroup;
			children = (
				DBAE4C802A725E9100E622BD /* DateFormatter+Assets.swift */,
			);
			path = DateFormat;
			sourceTree = "<group>";
		};
		DBAE4C822A725EC100E622BD /* Image */ = {
			isa = PBXGroup;
			children = (
				DBAE4C832A725ED500E622BD /* UIImage+Assets.swift */,
			);
			path = Image;
			sourceTree = "<group>";
		};
		DBD1037C2A65496B00077781 /* Storage */ = {
			isa = PBXGroup;
			children = (
				DBE2FAB12A6E613A005F8AFB /* RealmService.swift */,
				DBDFDCA42A697A5E00C30098 /* StorageError.swift */,
				DBE2FAB52A6E8106005F8AFB /* Objects */,
			);
			path = Storage;
			sourceTree = "<group>";
		};
		DBD103942A65BDB000077781 /* Models */ = {
			isa = PBXGroup;
			children = (
				DBD103852A6558ED00077781 /* News.swift */,
				DBE2FABD2A6E9317005F8AFB /* Blog.swift */,
				DBAB50872A5DE3FC00DE6866 /* HomeModels.swift */,
				DBEDF3052A614C2100F71DAC /* HomeSection.swift */,
			);
			path = Models;
			sourceTree = "<group>";
		};
		DBD1039B2A65D9DD00077781 /* DataSource */ = {
			isa = PBXGroup;
			children = (
				DBAB50A52A5EC0F200DE6866 /* HomeCollectionViewLayoutFactory.swift */,
				DBAB50A32A5EAF8300DE6866 /* HomeCollectionItem.swift */,
			);
			path = DataSource;
			sourceTree = "<group>";
		};
		DBDE6BDC2A674710000FC287 /* Models */ = {
			isa = PBXGroup;
			children = (
				DBAB50C12A6056B800DE6866 /* DetailModels.swift */,
				DB9FC60E2A6F20120081210E /* DetialContent.swift */,
			);
			path = Models;
			sourceTree = "<group>";
		};
		DBDE6BDD2A674733000FC287 /* View */ = {
			isa = PBXGroup;
			children = (
				DBAB50C22A6056B800DE6866 /* DetailViewController.swift */,
			);
			path = View;
			sourceTree = "<group>";
		};
		DBE2FAB52A6E8106005F8AFB /* Objects */ = {
			isa = PBXGroup;
			children = (
				DBE2FAB62A6E811A005F8AFB /* BlogObject.swift */,
				DBE2FAB82A6E8123005F8AFB /* NewsObject.swift */,
			);
			path = Objects;
			sourceTree = "<group>";
		};
		DBE2FABC2A6E8220005F8AFB /* Workers */ = {
			isa = PBXGroup;
			children = (
				DB457DAE2A6B1CCF00C36E0E /* HomeNetworkWorker.swift */,
				DBE2FABA2A6E820F005F8AFB /* HomeStorageWorker.swift */,
			);
			path = Workers;
			sourceTree = "<group>";
		};
		DBE2FAC12A6F0DAD005F8AFB /* Helpers */ = {
			isa = PBXGroup;
			children = (
				DBE2FAC22A6F0DE3005F8AFB /* SceneConfigurator.swift */,
			);
			path = Helpers;
			sourceTree = "<group>";
		};
/* End PBXGroup section */

/* Begin PBXNativeTarget section */
		DBAB50692A5DD4B600DE6866 /* NewsApp */ = {
			isa = PBXNativeTarget;
			buildConfigurationList = DBAB507E2A5DD4B700DE6866 /* Build configuration list for PBXNativeTarget "NewsApp" */;
			buildPhases = (
				DBAB50662A5DD4B600DE6866 /* Sources */,
				DBAB50672A5DD4B600DE6866 /* Frameworks */,
				DBAB50682A5DD4B600DE6866 /* Resources */,
			);
			buildRules = (
			);
			dependencies = (
			);
			name = NewsApp;
			packageProductDependencies = (
				DBAB50B42A600A2F00DE6866 /* Kingfisher */,
				DBD1038C2A657EFF00077781 /* Realm */,
				DBD1038E2A657EFF00077781 /* RealmSwift */,
			);
			productName = NewsApp;
			productReference = DBAB506A2A5DD4B600DE6866 /* NewsApp.app */;
			productType = "com.apple.product-type.application";
		};
/* End PBXNativeTarget section */

/* Begin PBXProject section */
		DBAB50622A5DD4B600DE6866 /* Project object */ = {
			isa = PBXProject;
			attributes = {
				BuildIndependentTargetsInParallel = 1;
				LastSwiftUpdateCheck = 1410;
				LastUpgradeCheck = 1410;
				TargetAttributes = {
					DBAB50692A5DD4B600DE6866 = {
						CreatedOnToolsVersion = 14.1;
					};
				};
			};
			buildConfigurationList = DBAB50652A5DD4B600DE6866 /* Build configuration list for PBXProject "NewsApp" */;
			compatibilityVersion = "Xcode 14.0";
			developmentRegion = en;
			hasScannedForEncodings = 0;
			knownRegions = (
				en,
				Base,
			);
			mainGroup = DBAB50612A5DD4B600DE6866;
			packageReferences = (
				DBAB50B32A600A2F00DE6866 /* XCRemoteSwiftPackageReference "Kingfisher" */,
				DBD1038B2A657EFF00077781 /* XCRemoteSwiftPackageReference "realm-swift" */,
			);
			productRefGroup = DBAB506B2A5DD4B600DE6866 /* Products */;
			projectDirPath = "";
			projectRoot = "";
			targets = (
				DBAB50692A5DD4B600DE6866 /* NewsApp */,
			);
		};
/* End PBXProject section */

/* Begin PBXResourcesBuildPhase section */
		DBAB50682A5DD4B600DE6866 /* Resources */ = {
			isa = PBXResourcesBuildPhase;
			buildActionMask = 2147483647;
			files = (
				DBAB507A2A5DD4B700DE6866 /* LaunchScreen.storyboard in Resources */,
				DBAB50772A5DD4B700DE6866 /* Assets.xcassets in Resources */,
			);
			runOnlyForDeploymentPostprocessing = 0;
		};
/* End PBXResourcesBuildPhase section */

/* Begin PBXSourcesBuildPhase section */
		DBAB50662A5DD4B600DE6866 /* Sources */ = {
			isa = PBXSourcesBuildPhase;
			buildActionMask = 2147483647;
			files = (
				DBD103862A6558ED00077781 /* News.swift in Sources */,
				DBDE6BE22A675F31000FC287 /* UIView+Extension.swift in Sources */,
				DBAB50C72A6056B800DE6866 /* DetailModels.swift in Sources */,
				DBAB50CB2A6056DF00DE6866 /* DetailSceneConfigurator.swift in Sources */,
				DBAB508C2A5DE3FC00DE6866 /* HomeRouter.swift in Sources */,
				DBAB506E2A5DD4B600DE6866 /* AppDelegate.swift in Sources */,
				DBAB508D2A5DE3FC00DE6866 /* HomeModels.swift in Sources */,
				DBD1037B2A64B62F00077781 /* DateFormatter+Extension.swift in Sources */,
				DBAB50A62A5EC0F200DE6866 /* HomeCollectionViewLayoutFactory.swift in Sources */,
				DBE2FAC32A6F0DE3005F8AFB /* SceneConfigurator.swift in Sources */,
				DBE2FAB22A6E613A005F8AFB /* RealmService.swift in Sources */,
				DBE2FABE2A6E9317005F8AFB /* Blog.swift in Sources */,
				DBAB50C82A6056B800DE6866 /* DetailViewController.swift in Sources */,
				DBAB508F2A5DE3FC00DE6866 /* HomeInteractor.swift in Sources */,
				DBAB50C62A6056B800DE6866 /* DetailRouter.swift in Sources */,
				DBDFDCA52A697A5E00C30098 /* StorageError.swift in Sources */,
				DBD103922A65A99000077781 /* RequestError.swift in Sources */,
				DBAB50702A5DD4B600DE6866 /* SceneDelegate.swift in Sources */,
				DB457DA72A6AF8C500C36E0E /* Endpoint.swift in Sources */,
				DB9FC6112A7024A40081210E /* SectionHeaderView.swift in Sources */,
				DB6309082A725BA900B71C50 /* Stirng+Assets.swift in Sources */,
				DBAB50AE2A5F669800DE6866 /* SpaceFlightNewsEndpoint.swift in Sources */,
				DBE2FAB72A6E811A005F8AFB /* BlogObject.swift in Sources */,
				DB457DAF2A6B1CCF00C36E0E /* HomeNetworkWorker.swift in Sources */,
				DBE2FABB2A6E820F005F8AFB /* HomeStorageWorker.swift in Sources */,
				DBE2FAB92A6E8123005F8AFB /* NewsObject.swift in Sources */,
				DB6309052A7259C500B71C50 /* UIColor+Assets.swift in Sources */,
				DBDE6BE02A6753F1000FC287 /* UIImage+Extension.swift in Sources */,
				DBAB50952A5DE65700DE6866 /* HomeSceneConfigurator.swift in Sources */,
				DBAB50C92A6056B800DE6866 /* DetailInteractor.swift in Sources */,
				DBDE6BE72A6812AE000FC287 /* KingfisherWrapper+Extension.swift in Sources */,
				DBAB508A2A5DE3FC00DE6866 /* HomePresenter.swift in Sources */,
				DB457DA92A6B0CEB00C36E0E /* HTTPMethod.swift in Sources */,
				DBAB50C42A6056B800DE6866 /* DetailPresenter.swift in Sources */,
				DBAB50A12A5EAC2000DE6866 /* NewsContentView.swift in Sources */,
				DBAE4C7E2A725E2B00E622BD /* Int+Assets.swift in Sources */,
				DBEDF3062A614C2100F71DAC /* HomeSection.swift in Sources */,
				DBD1039A2A65D96A00077781 /* BlogContenView.swift in Sources */,
				DBAE4C812A725E9100E622BD /* DateFormatter+Assets.swift in Sources */,
				DBAE4C842A725ED500E622BD /* UIImage+Assets.swift in Sources */,
				DB4E3B1F2A61FAB2008D0CA3 /* UILabel+Extension.swift in Sources */,
				DB9FC60F2A6F20120081210E /* DetialContent.swift in Sources */,
				DBAB508E2A5DE3FC00DE6866 /* HomeViewController.swift in Sources */,
				DB457DAB2A6B0D4B00C36E0E /* HTTPClient.swift in Sources */,
				DBAB50A42A5EAF8300DE6866 /* HomeCollectionItem.swift in Sources */,
			);
			runOnlyForDeploymentPostprocessing = 0;
		};
/* End PBXSourcesBuildPhase section */

/* Begin PBXVariantGroup section */
		DBAB50782A5DD4B700DE6866 /* LaunchScreen.storyboard */ = {
			isa = PBXVariantGroup;
			children = (
				DBAB50792A5DD4B700DE6866 /* Base */,
			);
			name = LaunchScreen.storyboard;
			sourceTree = "<group>";
		};
/* End PBXVariantGroup section */

/* Begin XCBuildConfiguration section */
		DBAB507C2A5DD4B700DE6866 /* Debug */ = {
			isa = XCBuildConfiguration;
			buildSettings = {
				ALWAYS_SEARCH_USER_PATHS = NO;
				CLANG_ANALYZER_NONNULL = YES;
				CLANG_ANALYZER_NUMBER_OBJECT_CONVERSION = YES_AGGRESSIVE;
				CLANG_CXX_LANGUAGE_STANDARD = "gnu++20";
				CLANG_ENABLE_MODULES = YES;
				CLANG_ENABLE_OBJC_ARC = YES;
				CLANG_ENABLE_OBJC_WEAK = YES;
				CLANG_WARN_BLOCK_CAPTURE_AUTORELEASING = YES;
				CLANG_WARN_BOOL_CONVERSION = YES;
				CLANG_WARN_COMMA = YES;
				CLANG_WARN_CONSTANT_CONVERSION = YES;
				CLANG_WARN_DEPRECATED_OBJC_IMPLEMENTATIONS = YES;
				CLANG_WARN_DIRECT_OBJC_ISA_USAGE = YES_ERROR;
				CLANG_WARN_DOCUMENTATION_COMMENTS = YES;
				CLANG_WARN_EMPTY_BODY = YES;
				CLANG_WARN_ENUM_CONVERSION = YES;
				CLANG_WARN_INFINITE_RECURSION = YES;
				CLANG_WARN_INT_CONVERSION = YES;
				CLANG_WARN_NON_LITERAL_NULL_CONVERSION = YES;
				CLANG_WARN_OBJC_IMPLICIT_RETAIN_SELF = YES;
				CLANG_WARN_OBJC_LITERAL_CONVERSION = YES;
				CLANG_WARN_OBJC_ROOT_CLASS = YES_ERROR;
				CLANG_WARN_QUOTED_INCLUDE_IN_FRAMEWORK_HEADER = YES;
				CLANG_WARN_RANGE_LOOP_ANALYSIS = YES;
				CLANG_WARN_STRICT_PROTOTYPES = YES;
				CLANG_WARN_SUSPICIOUS_MOVE = YES;
				CLANG_WARN_UNGUARDED_AVAILABILITY = YES_AGGRESSIVE;
				CLANG_WARN_UNREACHABLE_CODE = YES;
				CLANG_WARN__DUPLICATE_METHOD_MATCH = YES;
				COPY_PHASE_STRIP = NO;
				DEBUG_INFORMATION_FORMAT = dwarf;
				ENABLE_STRICT_OBJC_MSGSEND = YES;
				ENABLE_TESTABILITY = YES;
				GCC_C_LANGUAGE_STANDARD = gnu11;
				GCC_DYNAMIC_NO_PIC = NO;
				GCC_NO_COMMON_BLOCKS = YES;
				GCC_OPTIMIZATION_LEVEL = 0;
				GCC_PREPROCESSOR_DEFINITIONS = (
					"DEBUG=1",
					"$(inherited)",
				);
				GCC_WARN_64_TO_32_BIT_CONVERSION = YES;
				GCC_WARN_ABOUT_RETURN_TYPE = YES_ERROR;
				GCC_WARN_UNDECLARED_SELECTOR = YES;
				GCC_WARN_UNINITIALIZED_AUTOS = YES_AGGRESSIVE;
				GCC_WARN_UNUSED_FUNCTION = YES;
				GCC_WARN_UNUSED_VARIABLE = YES;
				IPHONEOS_DEPLOYMENT_TARGET = 16.1;
				MTL_ENABLE_DEBUG_INFO = INCLUDE_SOURCE;
				MTL_FAST_MATH = YES;
				ONLY_ACTIVE_ARCH = YES;
				SDKROOT = iphoneos;
				SWIFT_ACTIVE_COMPILATION_CONDITIONS = DEBUG;
				SWIFT_OPTIMIZATION_LEVEL = "-Onone";
			};
			name = Debug;
		};
		DBAB507D2A5DD4B700DE6866 /* Release */ = {
			isa = XCBuildConfiguration;
			buildSettings = {
				ALWAYS_SEARCH_USER_PATHS = NO;
				CLANG_ANALYZER_NONNULL = YES;
				CLANG_ANALYZER_NUMBER_OBJECT_CONVERSION = YES_AGGRESSIVE;
				CLANG_CXX_LANGUAGE_STANDARD = "gnu++20";
				CLANG_ENABLE_MODULES = YES;
				CLANG_ENABLE_OBJC_ARC = YES;
				CLANG_ENABLE_OBJC_WEAK = YES;
				CLANG_WARN_BLOCK_CAPTURE_AUTORELEASING = YES;
				CLANG_WARN_BOOL_CONVERSION = YES;
				CLANG_WARN_COMMA = YES;
				CLANG_WARN_CONSTANT_CONVERSION = YES;
				CLANG_WARN_DEPRECATED_OBJC_IMPLEMENTATIONS = YES;
				CLANG_WARN_DIRECT_OBJC_ISA_USAGE = YES_ERROR;
				CLANG_WARN_DOCUMENTATION_COMMENTS = YES;
				CLANG_WARN_EMPTY_BODY = YES;
				CLANG_WARN_ENUM_CONVERSION = YES;
				CLANG_WARN_INFINITE_RECURSION = YES;
				CLANG_WARN_INT_CONVERSION = YES;
				CLANG_WARN_NON_LITERAL_NULL_CONVERSION = YES;
				CLANG_WARN_OBJC_IMPLICIT_RETAIN_SELF = YES;
				CLANG_WARN_OBJC_LITERAL_CONVERSION = YES;
				CLANG_WARN_OBJC_ROOT_CLASS = YES_ERROR;
				CLANG_WARN_QUOTED_INCLUDE_IN_FRAMEWORK_HEADER = YES;
				CLANG_WARN_RANGE_LOOP_ANALYSIS = YES;
				CLANG_WARN_STRICT_PROTOTYPES = YES;
				CLANG_WARN_SUSPICIOUS_MOVE = YES;
				CLANG_WARN_UNGUARDED_AVAILABILITY = YES_AGGRESSIVE;
				CLANG_WARN_UNREACHABLE_CODE = YES;
				CLANG_WARN__DUPLICATE_METHOD_MATCH = YES;
				COPY_PHASE_STRIP = NO;
				DEBUG_INFORMATION_FORMAT = "dwarf-with-dsym";
				ENABLE_NS_ASSERTIONS = NO;
				ENABLE_STRICT_OBJC_MSGSEND = YES;
				GCC_C_LANGUAGE_STANDARD = gnu11;
				GCC_NO_COMMON_BLOCKS = YES;
				GCC_WARN_64_TO_32_BIT_CONVERSION = YES;
				GCC_WARN_ABOUT_RETURN_TYPE = YES_ERROR;
				GCC_WARN_UNDECLARED_SELECTOR = YES;
				GCC_WARN_UNINITIALIZED_AUTOS = YES_AGGRESSIVE;
				GCC_WARN_UNUSED_FUNCTION = YES;
				GCC_WARN_UNUSED_VARIABLE = YES;
				IPHONEOS_DEPLOYMENT_TARGET = 16.1;
				MTL_ENABLE_DEBUG_INFO = NO;
				MTL_FAST_MATH = YES;
				SDKROOT = iphoneos;
				SWIFT_COMPILATION_MODE = wholemodule;
				SWIFT_OPTIMIZATION_LEVEL = "-O";
				VALIDATE_PRODUCT = YES;
			};
			name = Release;
		};
		DBAB507F2A5DD4B700DE6866 /* Debug */ = {
			isa = XCBuildConfiguration;
			buildSettings = {
				ASSETCATALOG_COMPILER_APPICON_NAME = AppIcon;
				ASSETCATALOG_COMPILER_GLOBAL_ACCENT_COLOR_NAME = AccentColor;
				CODE_SIGN_STYLE = Automatic;
				CURRENT_PROJECT_VERSION = 1;
				DEVELOPMENT_TEAM = G47V947RVA;
				GENERATE_INFOPLIST_FILE = YES;
				INFOPLIST_FILE = NewsApp/Info.plist;
				INFOPLIST_KEY_UIApplicationSupportsIndirectInputEvents = YES;
				INFOPLIST_KEY_UILaunchStoryboardName = LaunchScreen;
				INFOPLIST_KEY_UISupportedInterfaceOrientations_iPad = "UIInterfaceOrientationPortrait UIInterfaceOrientationPortraitUpsideDown UIInterfaceOrientationLandscapeLeft UIInterfaceOrientationLandscapeRight";
				INFOPLIST_KEY_UISupportedInterfaceOrientations_iPhone = "UIInterfaceOrientationPortrait UIInterfaceOrientationLandscapeLeft UIInterfaceOrientationLandscapeRight";
				LD_RUNPATH_SEARCH_PATHS = (
					"$(inherited)",
					"@executable_path/Frameworks",
				);
				MARKETING_VERSION = 1.0;
				PRODUCT_BUNDLE_IDENTIFIER = ru.kpigalkin.NewsApp;
				PRODUCT_NAME = "$(TARGET_NAME)";
				SWIFT_EMIT_LOC_STRINGS = YES;
				SWIFT_VERSION = 5.0;
				TARGETED_DEVICE_FAMILY = "1,2";
			};
			name = Debug;
		};
		DBAB50802A5DD4B700DE6866 /* Release */ = {
			isa = XCBuildConfiguration;
			buildSettings = {
				ASSETCATALOG_COMPILER_APPICON_NAME = AppIcon;
				ASSETCATALOG_COMPILER_GLOBAL_ACCENT_COLOR_NAME = AccentColor;
				CODE_SIGN_STYLE = Automatic;
				CURRENT_PROJECT_VERSION = 1;
				DEVELOPMENT_TEAM = G47V947RVA;
				GENERATE_INFOPLIST_FILE = YES;
				INFOPLIST_FILE = NewsApp/Info.plist;
				INFOPLIST_KEY_UIApplicationSupportsIndirectInputEvents = YES;
				INFOPLIST_KEY_UILaunchStoryboardName = LaunchScreen;
				INFOPLIST_KEY_UISupportedInterfaceOrientations_iPad = "UIInterfaceOrientationPortrait UIInterfaceOrientationPortraitUpsideDown UIInterfaceOrientationLandscapeLeft UIInterfaceOrientationLandscapeRight";
				INFOPLIST_KEY_UISupportedInterfaceOrientations_iPhone = "UIInterfaceOrientationPortrait UIInterfaceOrientationLandscapeLeft UIInterfaceOrientationLandscapeRight";
				LD_RUNPATH_SEARCH_PATHS = (
					"$(inherited)",
					"@executable_path/Frameworks",
				);
				MARKETING_VERSION = 1.0;
				PRODUCT_BUNDLE_IDENTIFIER = ru.kpigalkin.NewsApp;
				PRODUCT_NAME = "$(TARGET_NAME)";
				SWIFT_EMIT_LOC_STRINGS = YES;
				SWIFT_VERSION = 5.0;
				TARGETED_DEVICE_FAMILY = "1,2";
			};
			name = Release;
		};
/* End XCBuildConfiguration section */

/* Begin XCConfigurationList section */
		DBAB50652A5DD4B600DE6866 /* Build configuration list for PBXProject "NewsApp" */ = {
			isa = XCConfigurationList;
			buildConfigurations = (
				DBAB507C2A5DD4B700DE6866 /* Debug */,
				DBAB507D2A5DD4B700DE6866 /* Release */,
			);
			defaultConfigurationIsVisible = 0;
			defaultConfigurationName = Release;
		};
		DBAB507E2A5DD4B700DE6866 /* Build configuration list for PBXNativeTarget "NewsApp" */ = {
			isa = XCConfigurationList;
			buildConfigurations = (
				DBAB507F2A5DD4B700DE6866 /* Debug */,
				DBAB50802A5DD4B700DE6866 /* Release */,
			);
			defaultConfigurationIsVisible = 0;
			defaultConfigurationName = Release;
		};
/* End XCConfigurationList section */

/* Begin XCRemoteSwiftPackageReference section */
		DBAB50B32A600A2F00DE6866 /* XCRemoteSwiftPackageReference "Kingfisher" */ = {
			isa = XCRemoteSwiftPackageReference;
			repositoryURL = "https://github.com/onevcat/Kingfisher.git";
			requirement = {
				kind = upToNextMajorVersion;
				minimumVersion = 7.0.0;
			};
		};
		DBD1038B2A657EFF00077781 /* XCRemoteSwiftPackageReference "realm-swift" */ = {
			isa = XCRemoteSwiftPackageReference;
			repositoryURL = "https://github.com/realm/realm-swift.git";
			requirement = {
				branch = master;
				kind = branch;
			};
		};
/* End XCRemoteSwiftPackageReference section */

/* Begin XCSwiftPackageProductDependency section */
		DBAB50B42A600A2F00DE6866 /* Kingfisher */ = {
			isa = XCSwiftPackageProductDependency;
			package = DBAB50B32A600A2F00DE6866 /* XCRemoteSwiftPackageReference "Kingfisher" */;
			productName = Kingfisher;
		};
		DBD1038C2A657EFF00077781 /* Realm */ = {
			isa = XCSwiftPackageProductDependency;
			package = DBD1038B2A657EFF00077781 /* XCRemoteSwiftPackageReference "realm-swift" */;
			productName = Realm;
		};
		DBD1038E2A657EFF00077781 /* RealmSwift */ = {
			isa = XCSwiftPackageProductDependency;
			package = DBD1038B2A657EFF00077781 /* XCRemoteSwiftPackageReference "realm-swift" */;
			productName = RealmSwift;
		};
/* End XCSwiftPackageProductDependency section */
	};
	rootObject = DBAB50622A5DD4B600DE6866 /* Project object */;
}
